
Microsoft Visual Studio Solution File, Format Version 12.00
# Visual Studio Version 16
VisualStudioVersion = 16.0.30717.126
MinimumVisualStudioVersion = 10.0.40219.1
Project("{FAE04EC0-301F-11D3-BF4B-00C04F79EFBC}") = "hcad.scraper.byapn", "hcad.scraper.byapn.csproj", "{0FDF80FF-351F-4170-8DC0-8A459057E671}"
EndProject
Global
	GlobalSection(SolutionConfigurationPlatforms) = preSolution
		Debug|Any CPU = Debug|Any CPU
		Release|Any CPU = Release|Any CPU
	EndGlobalSection
	GlobalSection(ProjectConfigurationPlatforms) = postSolution
		{0FDF80FF-351F-4170-8DC0-8A459057E671}.Debug|Any CPU.ActiveCfg = Debug|Any CPU
		{0FDF80FF-351F-4170-8DC0-8A459057E671}.Debug|Any CPU.Build.0 = Debug|Any CPU
		{0FDF80FF-351F-4170-8DC0-8A459057E671}.Release|Any CPU.ActiveCfg = Release|Any CPU
		{0FDF80FF-351F-4170-8DC0-8A459057E671}.Release|Any CPU.Build.0 = Release|Any CPU
	EndGlobalSection
	GlobalSection(SolutionProperties) = preSolution
		HideSolutionNode = FALSE
	EndGlobalSection
	GlobalSection(ExtensibilityGlobals) = postSolution
		SolutionGuid = {047F185C-DACB-4B70-9F61-D620144627F5}
	EndGlobalSection
EndGlobal
